# @generated by Move, please check-in and do not edit manually.

[move]
version = 3
manifest_digest = "BDBDB90D6B4157F264AC9139C36DBDC75C2C74723088A3141678D5E710A6EB27"
deps_digest = "F8BBB0CCB2491CA29A3DF03D6F92277A4F3574266507ACD77214D37ECA3F3082"
dependencies = [
  { id = "Sui", name = "Sui" },
]

[[move.package]]
id = "MoveStdlib"
source = { git = "https://github.com/MystenLabs/sui.git", rev = "framework/testnet", subdir = "crates/sui-framework/packages/move-stdlib" }

[[move.package]]
id = "Sui"
source = { git = "https://github.com/MystenLabs/sui.git", rev = "framework/testnet", subdir = "crates/sui-framework/packages/sui-framework" }

dependencies = [
  { id = "MoveStdlib", name = "MoveStdlib" },
]

[move.toolchain-version]
compiler-version = "1.40.3"
edition = "2024"
flavor = "sui"

[env]

[env.testnet]
chain-id = "4c78adac"
original-published-id = "0xe2f4a0385a2b5e31f67095fb4ba99e3048eb05012ba3698ef6c80fbb675fe138"
latest-published-id = "0xe2f4a0385a2b5e31f67095fb4ba99e3048eb05012ba3698ef6c80fbb675fe138"
published-version = "1"
